
Microsoft Visual Studio Solution File, Format Version 12.00
# Visual Studio Version 16
VisualStudioVersion = 16.0.29230.47
MinimumVisualStudioVersion = 10.0.40219.1
Project("{9A19103F-16F7-4668-BE54-9A1E7A4F7556}") = "PoliceIncidents.Tab", "PoliceIncidents.Tab\PoliceIncidents.Tab.csproj", "{84F7A666-1FA7-4DFF-BD90-A7313FA78111}"
EndProject
Project("{9A19103F-16F7-4668-BE54-9A1E7A4F7556}") = "PoliceIncidents.Core", "PoliceIncidents.Core\PoliceIncidents.Core.csproj", "{684FCF16-5193-43DB-A86E-3745B0ED4E95}"
EndProject
Project("{9A19103F-16F7-4668-BE54-9A1E7A4F7556}") = "PoliceIncidents.Functions", "PoliceIncidents.Functions\PoliceIncidents.Functions.csproj", "{B337BBC7-9F18-4A69-9CC4-EFD65AEAC183}"
EndProject
Project("{FAE04EC0-301F-11D3-BF4B-00C04F79EFBC}") = "PoliceIncidents.Bot", "PoliceIncidents.Bot\PoliceIncidents.Bot.csproj", "{F24D6C44-1F8B-439D-B927-8E8B5FF33EE6}"
EndProject
Global
	GlobalSection(SolutionConfigurationPlatforms) = preSolution
		Debug|Any CPU = Debug|Any CPU
		Release|Any CPU = Release|Any CPU
	EndGlobalSection
	GlobalSection(ProjectConfigurationPlatforms) = postSolution
		{84F7A666-1FA7-4DFF-BD90-A7313FA78111}.Debug|Any CPU.ActiveCfg = Debug|Any CPU
		{84F7A666-1FA7-4DFF-BD90-A7313FA78111}.Debug|Any CPU.Build.0 = Debug|Any CPU
		{84F7A666-1FA7-4DFF-BD90-A7313FA78111}.Release|Any CPU.ActiveCfg = Release|Any CPU
		{84F7A666-1FA7-4DFF-BD90-A7313FA78111}.Release|Any CPU.Build.0 = Release|Any CPU
		{684FCF16-5193-43DB-A86E-3745B0ED4E95}.Debug|Any CPU.ActiveCfg = Debug|Any CPU
		{684FCF16-5193-43DB-A86E-3745B0ED4E95}.Debug|Any CPU.Build.0 = Debug|Any CPU
		{684FCF16-5193-43DB-A86E-3745B0ED4E95}.Release|Any CPU.ActiveCfg = Release|Any CPU
		{684FCF16-5193-43DB-A86E-3745B0ED4E95}.Release|Any CPU.Build.0 = Release|Any CPU
		{B337BBC7-9F18-4A69-9CC4-EFD65AEAC183}.Debug|Any CPU.ActiveCfg = Debug|Any CPU
		{B337BBC7-9F18-4A69-9CC4-EFD65AEAC183}.Debug|Any CPU.Build.0 = Debug|Any CPU
		{B337BBC7-9F18-4A69-9CC4-EFD65AEAC183}.Release|Any CPU.ActiveCfg = Release|Any CPU
		{B337BBC7-9F18-4A69-9CC4-EFD65AEAC183}.Release|Any CPU.Build.0 = Release|Any CPU
		{F24D6C44-1F8B-439D-B927-8E8B5FF33EE6}.Debug|Any CPU.ActiveCfg = Debug|Any CPU
		{F24D6C44-1F8B-439D-B927-8E8B5FF33EE6}.Debug|Any CPU.Build.0 = Debug|Any CPU
		{F24D6C44-1F8B-439D-B927-8E8B5FF33EE6}.Release|Any CPU.ActiveCfg = Release|Any CPU
		{F24D6C44-1F8B-439D-B927-8E8B5FF33EE6}.Release|Any CPU.Build.0 = Release|Any CPU
	EndGlobalSection
	GlobalSection(SolutionProperties) = preSolution
		HideSolutionNode = FALSE
	EndGlobalSection
	GlobalSection(ExtensibilityGlobals) = postSolution
		SolutionGuid = {313C3F2A-D09B-496C-A085-BB0F25D8D42B}
	EndGlobalSection
EndGlobal
